<?xml version="1.0" encoding="utf-8"?>
<Project ToolsVersion="4.0" xmlns="http://schemas.microsoft.com/developer/msbuild/2003">
  <ItemGroup>
    <ClCompile Include="src\main.cpp">
      <Filter>Source Code</Filter>
    </ClCompile>
    <ClCompile Include="src\GameCore.cpp">
      <Filter>Source Code</Filter>
    </ClCompile>
    <ClCompile Include="src\GameSound.cpp">
      <Filter>Source Code</Filter>
    </ClCompile>
    <ClCompile Include="src\Kinect.cpp">
      <Filter>Source Code</Filter>
    </ClCompile>
    <ClCompile Include="src\GameImages.cpp">
      <Filter>Source Code</Filter>
    </ClCompile>
    <ClCompile Include="src\Score.cpp">
      <Filter>Source Code</Filter>
    </ClCompile>
    <ClCompile Include="src\Piece.cpp">
      <Filter>Source Code</Filter>
    </ClCompile>
    <ClCompile Include="src\Board.cpp">
      <Filter>Source Code</Filter>
    </ClCompile>
  </ItemGroup>
  <ItemGroup>
    <ClInclude Include="src\GameSound.h">
      <Filter>Header Files</Filter>
    </ClInclude>
    <ClInclude Include="src\Kinect.h">
      <Filter>Header Files</Filter>
    </ClInclude>
    <ClInclude Include="src\GameCore.h">
      <Filter>Header Files</Filter>
    </ClInclude>
    <ClInclude Include="src\GameImages.h">
      <Filter>Header Files</Filter>
    </ClInclude>
    <ClInclude Include="src\Score.h">
      <Filter>Header Files</Filter>
    </ClInclude>
    <ClInclude Include="src\Piece.h">
      <Filter>Header Files</Filter>
    </ClInclude>
    <ClInclude Include="src\Board.h">
      <Filter>Header Files</Filter>
    </ClInclude>
  </ItemGroup>
  <ItemGroup>
    <None Include="bin\data\b1.jpg">
      <Filter>Resource Files</Filter>
    </None>
    <None Include="bin\data\b2.jpg">
      <Filter>Resource Files</Filter>
    </None>
    <None Include="bin\data\b3.jpg">
      <Filter>Resource Files</Filter>
    </None>
    <None Include="bin\data\b4.jpg">
      <Filter>Resource Files</Filter>
    </None>
    <None Include="bin\data\b5.jpg">
      <Filter>Resource Files</Filter>
    </None>
    <None Include="bin\data\b6.jpg">
      <Filter>Resource Files</Filter>
    </None>
    <None Include="bin\data\pixelart.ttf">
      <Filter>Resource Files</Filter>
    </None>
    <None Include="bin\data\music-idle.mp3">
      <Filter>Resource Files</Filter>
    </None>
    <None Include="bin\data\music-play.mp3">
      <Filter>Resource Files</Filter>
    </None>
    <None Include="bin\data\music-reco.mp3">
      <Filter>Resource Files</Filter>
    </None>
    <None Include="bin\data\bg.png">
      <Filter>Resource Files</Filter>
    </None>
    <None Include="bin\data\logo.png">
      <Filter>Resource Files</Filter>
    </None>
    <None Include="bin\data\sound-gameover.wav">
      <Filter>Resource Files</Filter>
    </None>
    <None Include="bin\data\sound-hit.wav">
      <Filter>Resource Files</Filter>
    </None>
    <None Include="bin\data\sound-line.wav">
      <Filter>Resource Files</Filter>
    </None>
  </ItemGroup>
  <ItemGroup>
    <Filter Include="Source Code">
      <UniqueIdentifier>{ff85db5f-cabb-4a05-bdba-984f39b2f8bf}</UniqueIdentifier>
    </Filter>
    <Filter Include="Header Files">
      <UniqueIdentifier>{d25b5e97-aa6b-4cb0-85ab-50b9a745ff38}</UniqueIdentifier>
    </Filter>
    <Filter Include="Resource Files">
      <UniqueIdentifier>{33b4281d-d23f-4fb3-a913-982d6f65a09d}</UniqueIdentifier>
    </Filter>
  </ItemGroup>
</Project>