<?xml version="1.0" encoding="utf-8"?>
<Project ToolsVersion="4.0" xmlns="http://schemas.microsoft.com/developer/msbuild/2003">
  <ItemGroup>
    <ClCompile Include="src\main.cpp">
      <Filter>Source Files</Filter>
    </ClCompile>
    <ClCompile Include="src\userImput.cpp">
      <Filter>Source Files</Filter>
    </ClCompile>
    <ClCompile Include="src\graficEngine.cpp">
      <Filter>Source Files</Filter>
    </ClCompile>
    <ClCompile Include="src\gameMedia.cpp">
      <Filter>Source Files</Filter>
    </ClCompile>
    <ClCompile Include="src\gameLogic.cpp">
      <Filter>Source Files</Filter>
    </ClCompile>
    <ClCompile Include="src\gameCore.cpp">
      <Filter>Source Files</Filter>
    </ClCompile>
    <ClCompile Include="..\..\..\addons\ofxOpenNI\src\ofxDepthGenerator.cpp">
      <Filter>ofxOpenNI\src</Filter>
    </ClCompile>
    <ClCompile Include="..\..\..\addons\ofxOpenNI\src\ofxGestureGenerator.cpp">
      <Filter>ofxOpenNI\src</Filter>
    </ClCompile>
    <ClCompile Include="..\..\..\addons\ofxOpenNI\src\ofxHandGenerator.cpp">
      <Filter>ofxOpenNI\src</Filter>
    </ClCompile>
    <ClCompile Include="..\..\..\addons\ofxOpenNI\src\ofxImageGenerator.cpp">
      <Filter>ofxOpenNI\src</Filter>
    </ClCompile>
    <ClCompile Include="..\..\..\addons\ofxOpenNI\src\ofxIRGenerator.cpp">
      <Filter>ofxOpenNI\src</Filter>
    </ClCompile>
    <ClCompile Include="..\..\..\addons\ofxOpenNI\src\ofxOpenNIContext.cpp">
      <Filter>ofxOpenNI\src</Filter>
    </ClCompile>
    <ClCompile Include="..\..\..\addons\ofxOpenNI\src\ofxOpenNIRecorder.cpp">
      <Filter>ofxOpenNI\src</Filter>
    </ClCompile>
    <ClCompile Include="..\..\..\addons\ofxOpenNI\src\ofxTrackedHand.cpp">
      <Filter>ofxOpenNI\src</Filter>
    </ClCompile>
    <ClCompile Include="..\..\..\addons\ofxOpenNI\src\ofxTrackedUser.cpp">
      <Filter>ofxOpenNI\src</Filter>
    </ClCompile>
    <ClCompile Include="..\..\..\addons\ofxOpenNI\src\ofxUserGenerator.cpp">
      <Filter>ofxOpenNI\src</Filter>
    </ClCompile>
  </ItemGroup>
  <ItemGroup>
    <ClInclude Include="src\gameCore.h">
      <Filter>Header Files</Filter>
    </ClInclude>
    <ClInclude Include="src\gameLogic.h">
      <Filter>Header Files</Filter>
    </ClInclude>
    <ClInclude Include="src\gameMedia.h">
      <Filter>Header Files</Filter>
    </ClInclude>
    <ClInclude Include="src\graficEngine.h">
      <Filter>Header Files</Filter>
    </ClInclude>
    <ClInclude Include="src\userImput.h">
      <Filter>Header Files</Filter>
    </ClInclude>
    <ClInclude Include="..\..\..\addons\ofxOpenNI\include\openni\Win32\XnOSWin32.h">
      <Filter>ofxOpenNI\include\openni\win32</Filter>
    </ClInclude>
    <ClInclude Include="..\..\..\addons\ofxOpenNI\include\openni\Win32\XnPlatformWin32.h">
      <Filter>ofxOpenNI\include\openni\win32</Filter>
    </ClInclude>
    <ClInclude Include="..\..\..\addons\ofxOpenNI\include\openni\IXnNodeAllocator.h">
      <Filter>ofxOpenNI\include\openni</Filter>
    </ClInclude>
    <ClInclude Include="..\..\..\addons\ofxOpenNI\include\openni\XnBaseNode.h">
      <Filter>ofxOpenNI\include\openni</Filter>
    </ClInclude>
    <ClInclude Include="..\..\..\addons\ofxOpenNI\include\openni\XnCallback.h">
      <Filter>ofxOpenNI\include\openni</Filter>
    </ClInclude>
    <ClInclude Include="..\..\..\addons\ofxOpenNI\include\openni\XnCodecIDs.h">
      <Filter>ofxOpenNI\include\openni</Filter>
    </ClInclude>
    <ClInclude Include="..\..\..\addons\ofxOpenNI\include\openni\XnContext.h">
      <Filter>ofxOpenNI\include\openni</Filter>
    </ClInclude>
    <ClInclude Include="..\..\..\addons\ofxOpenNI\include\openni\XnCppWrapper.h">
      <Filter>ofxOpenNI\include\openni</Filter>
    </ClInclude>
    <ClInclude Include="..\..\..\addons\ofxOpenNI\include\openni\XnDataTypes.h">
      <Filter>ofxOpenNI\include\openni</Filter>
    </ClInclude>
    <ClInclude Include="..\..\..\addons\ofxOpenNI\include\openni\XnEnumerationErrors.h">
      <Filter>ofxOpenNI\include\openni</Filter>
    </ClInclude>
    <ClInclude Include="..\..\..\addons\ofxOpenNI\include\openni\XnEvent.h">
      <Filter>ofxOpenNI\include\openni</Filter>
    </ClInclude>
    <ClInclude Include="..\..\..\addons\ofxOpenNI\include\openni\XnFPSCalculator.h">
      <Filter>ofxOpenNI\include\openni</Filter>
    </ClInclude>
    <ClInclude Include="..\..\..\addons\ofxOpenNI\include\openni\XnGeneralBuffer.h">
      <Filter>ofxOpenNI\include\openni</Filter>
    </ClInclude>
    <ClInclude Include="..\..\..\addons\ofxOpenNI\include\openni\XnHash.h">
      <Filter>ofxOpenNI\include\openni</Filter>
    </ClInclude>
    <ClInclude Include="..\..\..\addons\ofxOpenNI\include\openni\XnInternalDefs.h">
      <Filter>ofxOpenNI\include\openni</Filter>
    </ClInclude>
    <ClInclude Include="..\..\..\addons\ofxOpenNI\include\openni\XnLicensing.h">
      <Filter>ofxOpenNI\include\openni</Filter>
    </ClInclude>
    <ClInclude Include="..\..\..\addons\ofxOpenNI\include\openni\XnList.h">
      <Filter>ofxOpenNI\include\openni</Filter>
    </ClInclude>
    <ClInclude Include="..\..\..\addons\ofxOpenNI\include\openni\XnLog.h">
      <Filter>ofxOpenNI\include\openni</Filter>
    </ClInclude>
    <ClInclude Include="..\..\..\addons\ofxOpenNI\include\openni\XnMacros.h">
      <Filter>ofxOpenNI\include\openni</Filter>
    </ClInclude>
    <ClInclude Include="..\..\..\addons\ofxOpenNI\include\openni\XnModuleCppInterface.h">
      <Filter>ofxOpenNI\include\openni</Filter>
    </ClInclude>
    <ClInclude Include="..\..\..\addons\ofxOpenNI\include\openni\XnModuleCppRegistratration.h">
      <Filter>ofxOpenNI\include\openni</Filter>
    </ClInclude>
    <ClInclude Include="..\..\..\addons\ofxOpenNI\include\openni\XnModuleInterface.h">
      <Filter>ofxOpenNI\include\openni</Filter>
    </ClInclude>
    <ClInclude Include="..\..\..\addons\ofxOpenNI\include\openni\XnNode.h">
      <Filter>ofxOpenNI\include\openni</Filter>
    </ClInclude>
    <ClInclude Include="..\..\..\addons\ofxOpenNI\include\openni\XnNodeAllocator.h">
      <Filter>ofxOpenNI\include\openni</Filter>
    </ClInclude>
    <ClInclude Include="..\..\..\addons\ofxOpenNI\include\openni\XnOpenNI.h">
      <Filter>ofxOpenNI\include\openni</Filter>
    </ClInclude>
    <ClInclude Include="..\..\..\addons\ofxOpenNI\include\openni\XnOS.h">
      <Filter>ofxOpenNI\include\openni</Filter>
    </ClInclude>
    <ClInclude Include="..\..\..\addons\ofxOpenNI\include\openni\XnOSCpp.h">
      <Filter>ofxOpenNI\include\openni</Filter>
    </ClInclude>
    <ClInclude Include="..\..\..\addons\ofxOpenNI\include\openni\XnPlatform.h">
      <Filter>ofxOpenNI\include\openni</Filter>
    </ClInclude>
    <ClInclude Include="..\..\..\addons\ofxOpenNI\include\openni\XnPrdNode.h">
      <Filter>ofxOpenNI\include\openni</Filter>
    </ClInclude>
    <ClInclude Include="..\..\..\addons\ofxOpenNI\include\openni\XnPrdNodeInfo.h">
      <Filter>ofxOpenNI\include\openni</Filter>
    </ClInclude>
    <ClInclude Include="..\..\..\addons\ofxOpenNI\include\openni\XnPrdNodeInfoList.h">
      <Filter>ofxOpenNI\include\openni</Filter>
    </ClInclude>
    <ClInclude Include="..\..\..\addons\ofxOpenNI\include\openni\XnProfiling.h">
      <Filter>ofxOpenNI\include\openni</Filter>
    </ClInclude>
    <ClInclude Include="..\..\..\addons\ofxOpenNI\include\openni\XnPropNames.h">
      <Filter>ofxOpenNI\include\openni</Filter>
    </ClInclude>
    <ClInclude Include="..\..\..\addons\ofxOpenNI\include\openni\XnQueries.h">
      <Filter>ofxOpenNI\include\openni</Filter>
    </ClInclude>
    <ClInclude Include="..\..\..\addons\ofxOpenNI\include\openni\XnQueue.h">
      <Filter>ofxOpenNI\include\openni</Filter>
    </ClInclude>
    <ClInclude Include="..\..\..\addons\ofxOpenNI\include\openni\XnScheduler.h">
      <Filter>ofxOpenNI\include\openni</Filter>
    </ClInclude>
    <ClInclude Include="..\..\..\addons\ofxOpenNI\include\openni\XnStack.h">
      <Filter>ofxOpenNI\include\openni</Filter>
    </ClInclude>
    <ClInclude Include="..\..\..\addons\ofxOpenNI\include\openni\XnStatus.h">
      <Filter>ofxOpenNI\include\openni</Filter>
    </ClInclude>
    <ClInclude Include="..\..\..\addons\ofxOpenNI\include\openni\XnStatusCodes.h">
      <Filter>ofxOpenNI\include\openni</Filter>
    </ClInclude>
    <ClInclude Include="..\..\..\addons\ofxOpenNI\include\openni\XnStatusRegister.h">
      <Filter>ofxOpenNI\include\openni</Filter>
    </ClInclude>
    <ClInclude Include="..\..\..\addons\ofxOpenNI\include\openni\XnStringsHash.h">
      <Filter>ofxOpenNI\include\openni</Filter>
    </ClInclude>
    <ClInclude Include="..\..\..\addons\ofxOpenNI\include\openni\XnThreadSafeQueue.h">
      <Filter>ofxOpenNI\include\openni</Filter>
    </ClInclude>
    <ClInclude Include="..\..\..\addons\ofxOpenNI\include\openni\XnTypes.h">
      <Filter>ofxOpenNI\include\openni</Filter>
    </ClInclude>
    <ClInclude Include="..\..\..\addons\ofxOpenNI\include\openni\XnUSB.h">
      <Filter>ofxOpenNI\include\openni</Filter>
    </ClInclude>
    <ClInclude Include="..\..\..\addons\ofxOpenNI\include\openni\XnUtils.h">
      <Filter>ofxOpenNI\include\openni</Filter>
    </ClInclude>
    <ClInclude Include="..\..\..\addons\ofxOpenNI\include\openni\XnVersion.h">
      <Filter>ofxOpenNI\include\openni</Filter>
    </ClInclude>
    <ClInclude Include="..\..\..\addons\ofxOpenNI\include\nite\XnCommon.h">
      <Filter>ofxOpenNI\include\nite</Filter>
    </ClInclude>
    <ClInclude Include="..\..\..\addons\ofxOpenNI\include\nite\XnV3DVector.h">
      <Filter>ofxOpenNI\include\nite</Filter>
    </ClInclude>
    <ClInclude Include="..\..\..\addons\ofxOpenNI\include\nite\XnVActivationMessage.h">
      <Filter>ofxOpenNI\include\nite</Filter>
    </ClInclude>
    <ClInclude Include="..\..\..\addons\ofxOpenNI\include\nite\XnVBroadcaster.h">
      <Filter>ofxOpenNI\include\nite</Filter>
    </ClInclude>
    <ClInclude Include="..\..\..\addons\ofxOpenNI\include\nite\XnVCCMessage.h">
      <Filter>ofxOpenNI\include\nite</Filter>
    </ClInclude>
    <ClInclude Include="..\..\..\addons\ofxOpenNI\include\nite\XnVCircle.h">
      <Filter>ofxOpenNI\include\nite</Filter>
    </ClInclude>
    <ClInclude Include="..\..\..\addons\ofxOpenNI\include\nite\XnVCircleDetector.h">
      <Filter>ofxOpenNI\include\nite</Filter>
    </ClInclude>
    <ClInclude Include="..\..\..\addons\ofxOpenNI\include\nite\XnVClickableVirtualPlane.h">
      <Filter>ofxOpenNI\include\nite</Filter>
    </ClInclude>
    <ClInclude Include="..\..\..\addons\ofxOpenNI\include\nite\XnVComplexMessage.h">
      <Filter>ofxOpenNI\include\nite</Filter>
    </ClInclude>
    <ClInclude Include="..\..\..\addons\ofxOpenNI\include\nite\XnVDepthControl.h">
      <Filter>ofxOpenNI\include\nite</Filter>
    </ClInclude>
    <ClInclude Include="..\..\..\addons\ofxOpenNI\include\nite\XnVDepthGenerator.h">
      <Filter>ofxOpenNI\include\nite</Filter>
    </ClInclude>
    <ClInclude Include="..\..\..\addons\ofxOpenNI\include\nite\XnVDepthMessage.h">
      <Filter>ofxOpenNI\include\nite</Filter>
    </ClInclude>
    <ClInclude Include="..\..\..\addons\ofxOpenNI\include\nite\XnVDeviceControl.h">
      <Filter>ofxOpenNI\include\nite</Filter>
    </ClInclude>
    <ClInclude Include="..\..\..\addons\ofxOpenNI\include\nite\XnVDeviceFilter.h">
      <Filter>ofxOpenNI\include\nite</Filter>
    </ClInclude>
    <ClInclude Include="..\..\..\addons\ofxOpenNI\include\nite\XnVDeviceGenerator.h">
      <Filter>ofxOpenNI\include\nite</Filter>
    </ClInclude>
    <ClInclude Include="..\..\..\addons\ofxOpenNI\include\nite\XnVDeviceMessage.h">
      <Filter>ofxOpenNI\include\nite</Filter>
    </ClInclude>
    <ClInclude Include="..\..\..\addons\ofxOpenNI\include\nite\XnVDirection.h">
      <Filter>ofxOpenNI\include\nite</Filter>
    </ClInclude>
    <ClInclude Include="..\..\..\addons\ofxOpenNI\include\nite\XnVFilter.h">
      <Filter>ofxOpenNI\include\nite</Filter>
    </ClInclude>
    <ClInclude Include="..\..\..\addons\ofxOpenNI\include\nite\XnVFlowRouter.h">
      <Filter>ofxOpenNI\include\nite</Filter>
    </ClInclude>
    <ClInclude Include="..\..\..\addons\ofxOpenNI\include\nite\XnVGesture.h">
      <Filter>ofxOpenNI\include\nite</Filter>
    </ClInclude>
    <ClInclude Include="..\..\..\addons\ofxOpenNI\include\nite\XnVHandle.h">
      <Filter>ofxOpenNI\include\nite</Filter>
    </ClInclude>
    <ClInclude Include="..\..\..\addons\ofxOpenNI\include\nite\XnVHandPointContext.h">
      <Filter>ofxOpenNI\include\nite</Filter>
    </ClInclude>
    <ClInclude Include="..\..\..\addons\ofxOpenNI\include\nite\XnVImageGenerator.h">
      <Filter>ofxOpenNI\include\nite</Filter>
    </ClInclude>
    <ClInclude Include="..\..\..\addons\ofxOpenNI\include\nite\XnVImageMessage.h">
      <Filter>ofxOpenNI\include\nite</Filter>
    </ClInclude>
    <ClInclude Include="..\..\..\addons\ofxOpenNI\include\nite\XnVMathCommon.h">
      <Filter>ofxOpenNI\include\nite</Filter>
    </ClInclude>
    <ClInclude Include="..\..\..\addons\ofxOpenNI\include\nite\XnVMessage.h">
      <Filter>ofxOpenNI\include\nite</Filter>
    </ClInclude>
    <ClInclude Include="..\..\..\addons\ofxOpenNI\include\nite\XnVMessageGenerator.h">
      <Filter>ofxOpenNI\include\nite</Filter>
    </ClInclude>
    <ClInclude Include="..\..\..\addons\ofxOpenNI\include\nite\XnVMessageListener.h">
      <Filter>ofxOpenNI\include\nite</Filter>
    </ClInclude>
    <ClInclude Include="..\..\..\addons\ofxOpenNI\include\nite\XnVMessageMux.h">
      <Filter>ofxOpenNI\include\nite</Filter>
    </ClInclude>
    <ClInclude Include="..\..\..\addons\ofxOpenNI\include\nite\XnVMultiItemHysteresis1D.h">
      <Filter>ofxOpenNI\include\nite</Filter>
    </ClInclude>
    <ClInclude Include="..\..\..\addons\ofxOpenNI\include\nite\XnVMultiItemHysteresis2D.h">
      <Filter>ofxOpenNI\include\nite</Filter>
    </ClInclude>
    <ClInclude Include="..\..\..\addons\ofxOpenNI\include\nite\XnVMultipleHands.h">
      <Filter>ofxOpenNI\include\nite</Filter>
    </ClInclude>
    <ClInclude Include="..\..\..\addons\ofxOpenNI\include\nite\XnVMultiProcessFlowClient.h">
      <Filter>ofxOpenNI\include\nite</Filter>
    </ClInclude>
    <ClInclude Include="..\..\..\addons\ofxOpenNI\include\nite\XnVMultiProcessFlowServer.h">
      <Filter>ofxOpenNI\include\nite</Filter>
    </ClInclude>
    <ClInclude Include="..\..\..\addons\ofxOpenNI\include\nite\XnVNite.h">
      <Filter>ofxOpenNI\include\nite</Filter>
    </ClInclude>
    <ClInclude Include="..\..\..\addons\ofxOpenNI\include\nite\XnVNiteControls.h">
      <Filter>ofxOpenNI\include\nite</Filter>
    </ClInclude>
    <ClInclude Include="..\..\..\addons\ofxOpenNI\include\nite\XnVNiteDefs.h">
      <Filter>ofxOpenNI\include\nite</Filter>
    </ClInclude>
    <ClInclude Include="..\..\..\addons\ofxOpenNI\include\nite\XnVNiteEvents.h">
      <Filter>ofxOpenNI\include\nite</Filter>
    </ClInclude>
    <ClInclude Include="..\..\..\addons\ofxOpenNI\include\nite\XnVNiteFramework.h">
      <Filter>ofxOpenNI\include\nite</Filter>
    </ClInclude>
    <ClInclude Include="..\..\..\addons\ofxOpenNI\include\nite\XnVNiteLog.h">
      <Filter>ofxOpenNI\include\nite</Filter>
    </ClInclude>
    <ClInclude Include="..\..\..\addons\ofxOpenNI\include\nite\XnVNiteStatus.h">
      <Filter>ofxOpenNI\include\nite</Filter>
    </ClInclude>
    <ClInclude Include="..\..\..\addons\ofxOpenNI\include\nite\XnVNiteVersion.h">
      <Filter>ofxOpenNI\include\nite</Filter>
    </ClInclude>
    <ClInclude Include="..\..\..\addons\ofxOpenNI\include\nite\XnVPointArea.h">
      <Filter>ofxOpenNI\include\nite</Filter>
    </ClInclude>
    <ClInclude Include="..\..\..\addons\ofxOpenNI\include\nite\XnVPointControl.h">
      <Filter>ofxOpenNI\include\nite</Filter>
    </ClInclude>
    <ClInclude Include="..\..\..\addons\ofxOpenNI\include\nite\XnVPointDenoiser.h">
      <Filter>ofxOpenNI\include\nite</Filter>
    </ClInclude>
    <ClInclude Include="..\..\..\addons\ofxOpenNI\include\nite\XnVPointFilter.h">
      <Filter>ofxOpenNI\include\nite</Filter>
    </ClInclude>
    <ClInclude Include="..\..\..\addons\ofxOpenNI\include\nite\XnVPointMessage.h">
      <Filter>ofxOpenNI\include\nite</Filter>
    </ClInclude>
    <ClInclude Include="..\..\..\addons\ofxOpenNI\include\nite\XnVPointTracker.h">
      <Filter>ofxOpenNI\include\nite</Filter>
    </ClInclude>
    <ClInclude Include="..\..\..\addons\ofxOpenNI\include\nite\XnVPushDetector.h">
      <Filter>ofxOpenNI\include\nite</Filter>
    </ClInclude>
    <ClInclude Include="..\..\..\addons\ofxOpenNI\include\nite\XnVSelectableSlider1D.h">
      <Filter>ofxOpenNI\include\nite</Filter>
    </ClInclude>
    <ClInclude Include="..\..\..\addons\ofxOpenNI\include\nite\XnVSelectableSlider2D.h">
      <Filter>ofxOpenNI\include\nite</Filter>
    </ClInclude>
    <ClInclude Include="..\..\..\addons\ofxOpenNI\include\nite\XnVSessionGenerator.h">
      <Filter>ofxOpenNI\include\nite</Filter>
    </ClInclude>
    <ClInclude Include="..\..\..\addons\ofxOpenNI\include\nite\XnVSessionListener.h">
      <Filter>ofxOpenNI\include\nite</Filter>
    </ClInclude>
    <ClInclude Include="..\..\..\addons\ofxOpenNI\include\nite\XnVSessionManager.h">
      <Filter>ofxOpenNI\include\nite</Filter>
    </ClInclude>
    <ClInclude Include="..\..\..\addons\ofxOpenNI\include\nite\XnVSessionMessage.h">
      <Filter>ofxOpenNI\include\nite</Filter>
    </ClInclude>
    <ClInclude Include="..\..\..\addons\ofxOpenNI\include\nite\XnVSlider1D.h">
      <Filter>ofxOpenNI\include\nite</Filter>
    </ClInclude>
    <ClInclude Include="..\..\..\addons\ofxOpenNI\include\nite\XnVSlider2D.h">
      <Filter>ofxOpenNI\include\nite</Filter>
    </ClInclude>
    <ClInclude Include="..\..\..\addons\ofxOpenNI\include\nite\XnVSlider3D.h">
      <Filter>ofxOpenNI\include\nite</Filter>
    </ClInclude>
    <ClInclude Include="..\..\..\addons\ofxOpenNI\include\nite\XnVSteadyDetector.h">
      <Filter>ofxOpenNI\include\nite</Filter>
    </ClInclude>
    <ClInclude Include="..\..\..\addons\ofxOpenNI\include\nite\XnVSwipeDetector.h">
      <Filter>ofxOpenNI\include\nite</Filter>
    </ClInclude>
    <ClInclude Include="..\..\..\addons\ofxOpenNI\include\nite\XnVVirtualCoordinates.h">
      <Filter>ofxOpenNI\include\nite</Filter>
    </ClInclude>
    <ClInclude Include="..\..\..\addons\ofxOpenNI\include\nite\XnVWaveDetector.h">
      <Filter>ofxOpenNI\include\nite</Filter>
    </ClInclude>
    <ClInclude Include="..\..\..\addons\ofxOpenNI\src\ofxDepthGenerator.h">
      <Filter>ofxOpenNI\src</Filter>
    </ClInclude>
    <ClInclude Include="..\..\..\addons\ofxOpenNI\src\ofxGestureGenerator.h">
      <Filter>ofxOpenNI\src</Filter>
    </ClInclude>
    <ClInclude Include="..\..\..\addons\ofxOpenNI\src\ofxHandGenerator.h">
      <Filter>ofxOpenNI\src</Filter>
    </ClInclude>
    <ClInclude Include="..\..\..\addons\ofxOpenNI\src\ofxImageGenerator.h">
      <Filter>ofxOpenNI\src</Filter>
    </ClInclude>
    <ClInclude Include="..\..\..\addons\ofxOpenNI\src\ofxIRGenerator.h">
      <Filter>ofxOpenNI\src</Filter>
    </ClInclude>
    <ClInclude Include="..\..\..\addons\ofxOpenNI\src\ofxOpenNI.h">
      <Filter>ofxOpenNI\src</Filter>
    </ClInclude>
    <ClInclude Include="..\..\..\addons\ofxOpenNI\src\ofxOpenNIContext.h">
      <Filter>ofxOpenNI\src</Filter>
    </ClInclude>
    <ClInclude Include="..\..\..\addons\ofxOpenNI\src\ofxOpenNIMacros.h">
      <Filter>ofxOpenNI\src</Filter>
    </ClInclude>
    <ClInclude Include="..\..\..\addons\ofxOpenNI\src\ofxOpenNIRecorder.h">
      <Filter>ofxOpenNI\src</Filter>
    </ClInclude>
    <ClInclude Include="..\..\..\addons\ofxOpenNI\src\ofxTrackedHand.h">
      <Filter>ofxOpenNI\src</Filter>
    </ClInclude>
    <ClInclude Include="..\..\..\addons\ofxOpenNI\src\ofxTrackedUser.h">
      <Filter>ofxOpenNI\src</Filter>
    </ClInclude>
    <ClInclude Include="..\..\..\addons\ofxOpenNI\src\ofxUserGenerator.h">
      <Filter>ofxOpenNI\src</Filter>
    </ClInclude>
  </ItemGroup>
  <ItemGroup>
    <Filter Include="Header Files">
      <UniqueIdentifier>{57ee9f0b-dc3c-46e9-baa7-bcc6460f0405}</UniqueIdentifier>
    </Filter>
    <Filter Include="Source Files">
      <UniqueIdentifier>{759c09a2-2c71-41ef-a407-f28ebf077293}</UniqueIdentifier>
    </Filter>
    <Filter Include="Resource Files">
      <UniqueIdentifier>{5f97a460-fc9a-4a47-a4bf-f8b5c14f8997}</UniqueIdentifier>
    </Filter>
    <Filter Include="ofxOpenNI">
      <UniqueIdentifier>{bb55c852-33c8-4c98-9641-7eb407c6b40e}</UniqueIdentifier>
    </Filter>
    <Filter Include="ofxOpenNI\src">
      <UniqueIdentifier>{012d4d19-ff62-4313-ae9a-a35da4fe218c}</UniqueIdentifier>
    </Filter>
    <Filter Include="ofxOpenNI\include">
      <UniqueIdentifier>{88af3106-1f81-48e3-8cea-2f3937090d00}</UniqueIdentifier>
    </Filter>
    <Filter Include="ofxOpenNI\include\nite">
      <UniqueIdentifier>{abb30560-cc51-4d68-a704-ed925697fed8}</UniqueIdentifier>
    </Filter>
    <Filter Include="ofxOpenNI\include\openni">
      <UniqueIdentifier>{64987576-23eb-4ca9-b78e-1108ab33fd6d}</UniqueIdentifier>
    </Filter>
    <Filter Include="ofxOpenNI\include\openni\win32">
      <UniqueIdentifier>{c1aac3dc-ca26-4b05-9078-1c7697d5ee78}</UniqueIdentifier>
    </Filter>
  </ItemGroup>
  <ItemGroup>
    <None Include="bin\data\b1.jpg">
      <Filter>Resource Files</Filter>
    </None>
    <None Include="bin\data\b2.jpg">
      <Filter>Resource Files</Filter>
    </None>
    <None Include="bin\data\b3.jpg">
      <Filter>Resource Files</Filter>
    </None>
    <None Include="bin\data\b4.jpg">
      <Filter>Resource Files</Filter>
    </None>
    <None Include="bin\data\b5.jpg">
      <Filter>Resource Files</Filter>
    </None>
    <None Include="bin\data\b6.jpg">
      <Filter>Resource Files</Filter>
    </None>
    <None Include="bin\data\copyright.jpg">
      <Filter>Resource Files</Filter>
    </None>
    <None Include="bin\data\gameLabel.jpg">
      <Filter>Resource Files</Filter>
    </None>
    <None Include="bin\data\gameover.wav">
      <Filter>Resource Files</Filter>
    </None>
    <None Include="bin\data\hit.wav">
      <Filter>Resource Files</Filter>
    </None>
    <None Include="bin\data\leftWall.jpg">
      <Filter>Resource Files</Filter>
    </None>
    <None Include="bin\data\line.wav">
      <Filter>Resource Files</Filter>
    </None>
    <None Include="bin\data\logo.jpg">
      <Filter>Resource Files</Filter>
    </None>
    <None Include="bin\data\musicGame.mp3">
      <Filter>Resource Files</Filter>
    </None>
    <None Include="bin\data\musicIdle.mp3">
      <Filter>Resource Files</Filter>
    </None>
    <None Include="bin\data\musicReco.mp3">
      <Filter>Resource Files</Filter>
    </None>
    <None Include="bin\data\outline.jpg">
      <Filter>Resource Files</Filter>
    </None>
    <None Include="bin\data\overLabel.jpg">
      <Filter>Resource Files</Filter>
    </None>
    <None Include="bin\data\pixelart.ttf">
      <Filter>Resource Files</Filter>
    </None>
    <None Include="bin\data\recoLabel.jpg">
      <Filter>Resource Files</Filter>
    </None>
    <None Include="bin\data\rightWall.jpg">
      <Filter>Resource Files</Filter>
    </None>
    <None Include="bin\data\scoreBG.jpg">
      <Filter>Resource Files</Filter>
    </None>
  </ItemGroup>
</Project>